
Microsoft Visual Studio Solution File, Format Version 12.00
# Visual Studio Version 17
VisualStudioVersion = 17.4.33213.308
MinimumVisualStudioVersion = 10.0.40219.1
Project("{FAE04EC0-301F-11D3-BF4B-00C04F79EFBC}") = "PersonTask1", "PersonTask1.csproj", "{EFE424FE-AC95-4B04-8FC2-91F6FB22382D}"
EndProject
Global
	GlobalSection(SolutionConfigurationPlatforms) = preSolution
		Debug|Any CPU = Debug|Any CPU
		Release|Any CPU = Release|Any CPU
	EndGlobalSection
	GlobalSection(ProjectConfigurationPlatforms) = postSolution
		{EFE424FE-AC95-4B04-8FC2-91F6FB22382D}.Debug|Any CPU.ActiveCfg = Debug|Any CPU
		{EFE424FE-AC95-4B04-8FC2-91F6FB22382D}.Debug|Any CPU.Build.0 = Debug|Any CPU
		{EFE424FE-AC95-4B04-8FC2-91F6FB22382D}.Release|Any CPU.ActiveCfg = Release|Any CPU
		{EFE424FE-AC95-4B04-8FC2-91F6FB22382D}.Release|Any CPU.Build.0 = Release|Any CPU
	EndGlobalSection
	GlobalSection(SolutionProperties) = preSolution
		HideSolutionNode = FALSE
	EndGlobalSection
	GlobalSection(ExtensibilityGlobals) = postSolution
		SolutionGuid = {8B7C9D33-930F-40B0-AB23-8CDD299F05FA}
	EndGlobalSection
EndGlobal
